{
  "version": 4,
  "terraform_version": "0.12.20",
  "serial": 99,
  "lineage": "b5b6e19d-24d7-1d07-f3c2-27f17a60cdf2",
  "outputs": {},
  "resources": [
    {
      "mode": "managed",
      "type": "aws_instance",
      "name": "ansible-elk",
      "provider": "provider.aws",
      "instances": [
        {
          "schema_version": 1,
          "attributes": {
            "ami": "ami-07ebfd5b3428b6f4d",
            "arn": "arn:aws:ec2:us-east-1:684329757769:instance/i-043b6572dea1fa211",
            "associate_public_ip_address": true,
            "availability_zone": "us-east-1a",
            "cpu_core_count": 2,
            "cpu_threads_per_core": 1,
            "credit_specification": [
              {
                "cpu_credits": "standard"
              }
            ],
            "disable_api_termination": false,
            "ebs_block_device": [],
            "ebs_optimized": false,
            "ephemeral_block_device": [],
            "get_password_data": false,
            "hibernation": false,
            "host_id": null,
            "iam_instance_profile": "ec2_role_for_maagc",
            "id": "i-043b6572dea1fa211",
            "instance_initiated_shutdown_behavior": null,
            "instance_state": "running",
            "instance_type": "t2.medium",
            "ipv6_address_count": 0,
            "ipv6_addresses": [],
            "key_name": "maagcpoc",
            "monitoring": false,
            "network_interface": [],
            "network_interface_id": null,
            "password_data": "",
            "placement_group": "",
            "primary_network_interface_id": "eni-0e2c8a63c85b6092d",
            "private_dns": "ip-10-0-0-61.ec2.internal",
            "private_ip": "10.0.0.61",
            "public_dns": "ec2-3-85-88-80.compute-1.amazonaws.com",
            "public_ip": "3.85.88.80",
            "root_block_device": [
              {
                "delete_on_termination": true,
                "encrypted": false,
                "iops": 0,
                "kms_key_id": "",
                "volume_id": "vol-05f33975557dd5643",
                "volume_size": 30,
                "volume_type": "standard"
              }
            ],
            "security_groups": [
              "sg-0707e89aaefb0816a",
              "sg-0884d2376ed8f2dd3"
            ],
            "source_dest_check": true,
            "subnet_id": "subnet-0de41be28e67725f4",
            "tags": {
              "Name": "Enabling-elk"
            },
            "tenancy": "default",
            "timeouts": null,
            "user_data": null,
            "user_data_base64": null,
            "volume_tags": {},
            "vpc_security_group_ids": [
              "sg-0707e89aaefb0816a",
              "sg-0884d2376ed8f2dd3"
            ]
          },
          "private": "eyJlMmJmYjczMC1lY2FhLTExZTYtOGY4OC0zNDM2M2JjN2M0YzAiOnsiY3JlYXRlIjo2MDAwMDAwMDAwMDAsImRlbGV0ZSI6MTIwMDAwMDAwMDAwMCwidXBkYXRlIjo2MDAwMDAwMDAwMDB9LCJzY2hlbWFfdmVyc2lvbiI6IjEifQ=="
        }
      ]
    }
  ]
}
